<?xml version="1.0" encoding="utf-8"?>
<Project ToolsVersion="4.0" xmlns="http://schemas.microsoft.com/developer/msbuild/2003">
  <ItemGroup>
    <Filter Include="Common">
      <UniqueIdentifier>5e50dc68-b655-4361-931e-e44411e69013</UniqueIdentifier>
    </Filter>
    <Filter Include="Assets">
      <UniqueIdentifier>fef5b0cc-75a6-4161-978c-d4aa9967190d</UniqueIdentifier>
      <Extensions>ico;cur;bmp;dds;dlg;fbx;rct;bin;rgs;gif;jpg;jpeg;jpe;resx;tga;tiff;tif;png;wav;mfcribbon-ms</Extensions>
    </Filter>
  </ItemGroup>
  <ItemGroup>
    <ClInclude Include="pch.h" />
    <ClInclude Include="Game.h" />
    <ClInclude Include="StepTimer.h">
      <Filter>Common</Filter>
    </ClInclude>
    <ClInclude Include="DeviceResources.h">
      <Filter>Common</Filter>
    </ClInclude>
    <ClInclude Include="d3dx12.h">
      <Filter>Common</Filter>
    </ClInclude>
    <ClInclude Include="Interfaces.h" />
    <ClInclude Include="Sample_0_CreateAndBind.h" />
    <ClInclude Include="Sprite.h" />
    <ClInclude Include="SpriteExtensions.h" />
    <ClInclude Include="VecmathMotionAdapter.h" />
    <ClInclude Include="ICanvas.h" />
    <ClInclude Include="DX12Canvas.h" />
    <ClInclude Include="TextLabelExtensions.h" />
    <ClInclude Include="Sample_0_Easing.h" />
    <ClInclude Include="Sample_0_Loops.h" />
    <ClInclude Include="Sample_0_Delay.h" />
    <ClInclude Include="Sample_0_Callback.h" />
    <ClInclude Include="Sample_0_CancelAndComplete.h" />
    <ClInclude Include="Sample_0_Menu.h" />
    <ClInclude Include="Message.h" />
    <ClInclude Include="SampleScene.h" />
    <ClInclude Include="NotifyMemoryLeak.h" />
    <ClInclude Include="JobSystem.h" />
  </ItemGroup>
  <ItemGroup>
    <ClCompile Include="pch.cpp" />
    <ClCompile Include="Game.cpp" />
    <ClCompile Include="Main.cpp" />
    <ClCompile Include="DeviceResources.cpp">
      <Filter>Common</Filter>
    </ClCompile>
    <ClCompile Include="Sample_0_CreateAndBind.cpp" />
    <ClCompile Include="SpriteExtensions.cpp" />
    <ClCompile Include="DX12Canvas.cpp" />
    <ClCompile Include="TextLabelExtensions.cpp" />
    <ClCompile Include="Sample_0_Easing.cpp" />
    <ClCompile Include="Sample_0_Loops.cpp" />
    <ClCompile Include="Sample_0_Delay.cpp" />
    <ClCompile Include="Sample_0_Callback.cpp" />
    <ClCompile Include="Sample_0_CancelAndComplete.cpp" />
    <ClCompile Include="Sample_0_Menu.cpp" />
    <ClCompile Include="Message.cpp" />
    <ClCompile Include="SampleScene.cpp" />
    <ClCompile Include="JobSystem.cpp" />
  </ItemGroup>
  <ItemGroup>
    <ResourceCompile Include="resource.rc" />
  </ItemGroup>
  <ItemGroup>
    <Image Include="directx.ico">
      <Filter>Assets</Filter>
    </Image>
  </ItemGroup>
  <ItemGroup>
    <Manifest Include="settings.manifest">
      <Filter>Assets</Filter>
    </Manifest>
  </ItemGroup>
  <ItemGroup>
    <None Include="packages.config" />
  </ItemGroup>
</Project>